
Microsoft Visual Studio Solution File, Format Version 12.00
# Visual Studio Version 17
VisualStudioVersion = 17.4.33213.308
MinimumVisualStudioVersion = 10.0.40219.1
Project("{9A19103F-16F7-4668-BE54-9A1E7A4F7556}") = "GameRPG", "GameRPG\GameRPG.csproj", "{6BE2C32B-3781-46AA-B60B-FE605B08C6C0}"
EndProject
Project("{2150E333-8FDC-42A3-9474-1A3956D46DE8}") = "1 - Application", "1 - Application", "{382D88D7-1EF0-4538-B5AE-5FB3EA8F43C8}"
EndProject
Project("{2150E333-8FDC-42A3-9474-1A3956D46DE8}") = "2 - Domain", "2 - Domain", "{667F0981-A3F0-4828-8654-F663428DE788}"
EndProject
Project("{9A19103F-16F7-4668-BE54-9A1E7A4F7556}") = "GameRPG.Domain", "GameRPG.Domain\GameRPG.Domain.csproj", "{3D9F596C-16A4-4E51-9138-A8B923657EEE}"
EndProject
Project("{2150E333-8FDC-42A3-9474-1A3956D46DE8}") = "3 - Infra", "3 - Infra", "{10AC94B9-E80F-43E7-B43A-A766F282A48F}"
EndProject
Project("{9A19103F-16F7-4668-BE54-9A1E7A4F7556}") = "GameRPG.Repository", "GameRPG.Repository\GameRPG.Repository.csproj", "{E96D1C95-3E05-4E6B-8A5C-97F4AB439252}"
	ProjectSection(ProjectDependencies) = postProject
		{3D9F596C-16A4-4E51-9138-A8B923657EEE} = {3D9F596C-16A4-4E51-9138-A8B923657EEE}
	EndProjectSection
EndProject
Project("{2150E333-8FDC-42A3-9474-1A3956D46DE8}") = "4 - Tests", "4 - Tests", "{B2475ED6-98CF-4CE5-A31C-F13242531907}"
EndProject
Project("{2150E333-8FDC-42A3-9474-1A3956D46DE8}") = "NewFolder1", "NewFolder1", "{D232052E-B680-46CD-955B-A689311B4F8E}"
EndProject
Project("{FAE04EC0-301F-11D3-BF4B-00C04F79EFBC}") = "GameRPG.Test", "GameRPG.Test\GameRPG.Test.csproj", "{62646A33-3350-4D49-9BC3-BA56F5F5F3E9}"
	ProjectSection(ProjectDependencies) = postProject
		{3D9F596C-16A4-4E51-9138-A8B923657EEE} = {3D9F596C-16A4-4E51-9138-A8B923657EEE}
		{6BE2C32B-3781-46AA-B60B-FE605B08C6C0} = {6BE2C32B-3781-46AA-B60B-FE605B08C6C0}
		{E96D1C95-3E05-4E6B-8A5C-97F4AB439252} = {E96D1C95-3E05-4E6B-8A5C-97F4AB439252}
	EndProjectSection
EndProject
Global
	GlobalSection(SolutionConfigurationPlatforms) = preSolution
		Debug|Any CPU = Debug|Any CPU
		Release|Any CPU = Release|Any CPU
	EndGlobalSection
	GlobalSection(ProjectConfigurationPlatforms) = postSolution
		{6BE2C32B-3781-46AA-B60B-FE605B08C6C0}.Debug|Any CPU.ActiveCfg = Debug|Any CPU
		{6BE2C32B-3781-46AA-B60B-FE605B08C6C0}.Debug|Any CPU.Build.0 = Debug|Any CPU
		{6BE2C32B-3781-46AA-B60B-FE605B08C6C0}.Release|Any CPU.ActiveCfg = Release|Any CPU
		{6BE2C32B-3781-46AA-B60B-FE605B08C6C0}.Release|Any CPU.Build.0 = Release|Any CPU
		{3D9F596C-16A4-4E51-9138-A8B923657EEE}.Debug|Any CPU.ActiveCfg = Debug|Any CPU
		{3D9F596C-16A4-4E51-9138-A8B923657EEE}.Debug|Any CPU.Build.0 = Debug|Any CPU
		{3D9F596C-16A4-4E51-9138-A8B923657EEE}.Release|Any CPU.ActiveCfg = Release|Any CPU
		{3D9F596C-16A4-4E51-9138-A8B923657EEE}.Release|Any CPU.Build.0 = Release|Any CPU
		{E96D1C95-3E05-4E6B-8A5C-97F4AB439252}.Debug|Any CPU.ActiveCfg = Debug|Any CPU
		{E96D1C95-3E05-4E6B-8A5C-97F4AB439252}.Debug|Any CPU.Build.0 = Debug|Any CPU
		{E96D1C95-3E05-4E6B-8A5C-97F4AB439252}.Release|Any CPU.ActiveCfg = Release|Any CPU
		{E96D1C95-3E05-4E6B-8A5C-97F4AB439252}.Release|Any CPU.Build.0 = Release|Any CPU
		{62646A33-3350-4D49-9BC3-BA56F5F5F3E9}.Debug|Any CPU.ActiveCfg = Debug|Any CPU
		{62646A33-3350-4D49-9BC3-BA56F5F5F3E9}.Debug|Any CPU.Build.0 = Debug|Any CPU
		{62646A33-3350-4D49-9BC3-BA56F5F5F3E9}.Release|Any CPU.ActiveCfg = Release|Any CPU
		{62646A33-3350-4D49-9BC3-BA56F5F5F3E9}.Release|Any CPU.Build.0 = Release|Any CPU
	EndGlobalSection
	GlobalSection(SolutionProperties) = preSolution
		HideSolutionNode = FALSE
	EndGlobalSection
	GlobalSection(NestedProjects) = preSolution
		{6BE2C32B-3781-46AA-B60B-FE605B08C6C0} = {382D88D7-1EF0-4538-B5AE-5FB3EA8F43C8}
		{3D9F596C-16A4-4E51-9138-A8B923657EEE} = {667F0981-A3F0-4828-8654-F663428DE788}
		{E96D1C95-3E05-4E6B-8A5C-97F4AB439252} = {10AC94B9-E80F-43E7-B43A-A766F282A48F}
		{D232052E-B680-46CD-955B-A689311B4F8E} = {10AC94B9-E80F-43E7-B43A-A766F282A48F}
		{62646A33-3350-4D49-9BC3-BA56F5F5F3E9} = {B2475ED6-98CF-4CE5-A31C-F13242531907}
	EndGlobalSection
	GlobalSection(ExtensibilityGlobals) = postSolution
		SolutionGuid = {221FC286-833B-4748-8BB1-48AA962564FE}
	EndGlobalSection
EndGlobal
