
Microsoft Visual Studio Solution File, Format Version 12.00
# Visual Studio Version 17
VisualStudioVersion = 17.4.33213.308
MinimumVisualStudioVersion = 10.0.40219.1
Project("{FAE04EC0-301F-11D3-BF4B-00C04F79EFBC}") = "GameRPG", "GameRPG\GameRPG.csproj", "{6BE2C32B-3781-46AA-B60B-FE605B08C6C0}"
EndProject
Global
	GlobalSection(SolutionConfigurationPlatforms) = preSolution
		Debug|Any CPU = Debug|Any CPU
		Release|Any CPU = Release|Any CPU
	EndGlobalSection
	GlobalSection(ProjectConfigurationPlatforms) = postSolution
		{6BE2C32B-3781-46AA-B60B-FE605B08C6C0}.Debug|Any CPU.ActiveCfg = Debug|Any CPU
		{6BE2C32B-3781-46AA-B60B-FE605B08C6C0}.Debug|Any CPU.Build.0 = Debug|Any CPU
		{6BE2C32B-3781-46AA-B60B-FE605B08C6C0}.Release|Any CPU.ActiveCfg = Release|Any CPU
		{6BE2C32B-3781-46AA-B60B-FE605B08C6C0}.Release|Any CPU.Build.0 = Release|Any CPU
	EndGlobalSection
	GlobalSection(SolutionProperties) = preSolution
		HideSolutionNode = FALSE
	EndGlobalSection
	GlobalSection(ExtensibilityGlobals) = postSolution
		SolutionGuid = {221FC286-833B-4748-8BB1-48AA962564FE}
	EndGlobalSection
EndGlobal
